
Microsoft Visual Studio Solution File, Format Version 12.00
# Visual Studio Version 17
VisualStudioVersion = 17.3.32901.215
MinimumVisualStudioVersion = 10.0.40219.1
Project("{FAE04EC0-301F-11D3-BF4B-00C04F79EFBC}") = "X 0", "X 0\X 0.csproj", "{D84FD2A5-2B32-40AC-B108-FC33846BB44A}"
EndProject
Global
	GlobalSection(SolutionConfigurationPlatforms) = preSolution
		Debug|Any CPU = Debug|Any CPU
		Release|Any CPU = Release|Any CPU
	EndGlobalSection
	GlobalSection(ProjectConfigurationPlatforms) = postSolution
		{D84FD2A5-2B32-40AC-B108-FC33846BB44A}.Debug|Any CPU.ActiveCfg = Debug|Any CPU
		{D84FD2A5-2B32-40AC-B108-FC33846BB44A}.Debug|Any CPU.Build.0 = Debug|Any CPU
		{D84FD2A5-2B32-40AC-B108-FC33846BB44A}.Release|Any CPU.ActiveCfg = Release|Any CPU
		{D84FD2A5-2B32-40AC-B108-FC33846BB44A}.Release|Any CPU.Build.0 = Release|Any CPU
	EndGlobalSection
	GlobalSection(SolutionProperties) = preSolution
		HideSolutionNode = FALSE
	EndGlobalSection
	GlobalSection(ExtensibilityGlobals) = postSolution
		SolutionGuid = {6EA69809-810E-4952-935D-551418AADF29}
	EndGlobalSection
EndGlobal
